
Microsoft Visual Studio Solution File, Format Version 12.00
# Visual Studio 14
VisualStudioVersion = 14.0.25420.1
MinimumVisualStudioVersion = 10.0.40219.1
Project("{FAE04EC0-301F-11D3-BF4B-00C04F79EFBC}") = "Demo04", "Demo04\Demo04.csproj", "{DC6F9064-7CBA-4607-B6F4-203DC73378C2}"
EndProject
Project("{FAE04EC0-301F-11D3-BF4B-00C04F79EFBC}") = "Elevator", "Elevator\Elevator.csproj", "{6A037D67-D748-440A-B79D-2D714394B9E0}"
EndProject
Project("{FAE04EC0-301F-11D3-BF4B-00C04F79EFBC}") = "Vahvistin", "Vahvistin\Vahvistin.csproj", "{BB306D17-C81B-4B06-AB66-991709845AD4}"
EndProject
Global
	GlobalSection(SolutionConfigurationPlatforms) = preSolution
		Debug|Any CPU = Debug|Any CPU
		Release|Any CPU = Release|Any CPU
	EndGlobalSection
	GlobalSection(ProjectConfigurationPlatforms) = postSolution
		{DC6F9064-7CBA-4607-B6F4-203DC73378C2}.Debug|Any CPU.ActiveCfg = Debug|Any CPU
		{DC6F9064-7CBA-4607-B6F4-203DC73378C2}.Debug|Any CPU.Build.0 = Debug|Any CPU
		{DC6F9064-7CBA-4607-B6F4-203DC73378C2}.Release|Any CPU.ActiveCfg = Release|Any CPU
		{DC6F9064-7CBA-4607-B6F4-203DC73378C2}.Release|Any CPU.Build.0 = Release|Any CPU
		{6A037D67-D748-440A-B79D-2D714394B9E0}.Debug|Any CPU.ActiveCfg = Debug|Any CPU
		{6A037D67-D748-440A-B79D-2D714394B9E0}.Debug|Any CPU.Build.0 = Debug|Any CPU
		{6A037D67-D748-440A-B79D-2D714394B9E0}.Release|Any CPU.ActiveCfg = Release|Any CPU
		{6A037D67-D748-440A-B79D-2D714394B9E0}.Release|Any CPU.Build.0 = Release|Any CPU
		{BB306D17-C81B-4B06-AB66-991709845AD4}.Debug|Any CPU.ActiveCfg = Debug|Any CPU
		{BB306D17-C81B-4B06-AB66-991709845AD4}.Debug|Any CPU.Build.0 = Debug|Any CPU
		{BB306D17-C81B-4B06-AB66-991709845AD4}.Release|Any CPU.ActiveCfg = Release|Any CPU
		{BB306D17-C81B-4B06-AB66-991709845AD4}.Release|Any CPU.Build.0 = Release|Any CPU
	EndGlobalSection
	GlobalSection(SolutionProperties) = preSolution
		HideSolutionNode = FALSE
	EndGlobalSection
EndGlobal
